
Microsoft Visual Studio Solution File, Format Version 12.00
# Visual Studio Version 17
VisualStudioVersion = 17.8.34408.163
MinimumVisualStudioVersion = 10.0.40219.1
Project("{9A19103F-16F7-4668-BE54-9A1E7A4F7556}") = "CursoIS4", "CursoIS4.csproj", "{3B70BE3D-BAC0-4E77-89BF-CEF42D2B6216}"
EndProject
Global
	GlobalSection(SolutionConfigurationPlatforms) = preSolution
		Debug|Any CPU = Debug|Any CPU
		Release|Any CPU = Release|Any CPU
	EndGlobalSection
	GlobalSection(ProjectConfigurationPlatforms) = postSolution
		{3B70BE3D-BAC0-4E77-89BF-CEF42D2B6216}.Debug|Any CPU.ActiveCfg = Debug|Any CPU
		{3B70BE3D-BAC0-4E77-89BF-CEF42D2B6216}.Debug|Any CPU.Build.0 = Debug|Any CPU
		{3B70BE3D-BAC0-4E77-89BF-CEF42D2B6216}.Release|Any CPU.ActiveCfg = Release|Any CPU
		{3B70BE3D-BAC0-4E77-89BF-CEF42D2B6216}.Release|Any CPU.Build.0 = Release|Any CPU
	EndGlobalSection
	GlobalSection(SolutionProperties) = preSolution
		HideSolutionNode = FALSE
	EndGlobalSection
	GlobalSection(ExtensibilityGlobals) = postSolution
		SolutionGuid = {4A66A221-F1E0-4441-9E9B-A26EC232FD5E}
	EndGlobalSection
EndGlobal
